
Microsoft Visual Studio Solution File, Format Version 12.00
# Visual Studio Version 17
VisualStudioVersion = 17.3.32819.101
MinimumVisualStudioVersion = 10.0.40219.1
Project("{FAE04EC0-301F-11D3-BF4B-00C04F79EFBC}") = "YourLocalization.Web", "YourLocalization.Web\YourLocalization.Web.csproj", "{61EAB8ED-D95B-422F-B129-1CF0C03F313E}"
EndProject
Project("{2150E333-8FDC-42A3-9474-1A3956D46DE8}") = "Application", "Application", "{555B1C7A-09E8-41E7-846F-82E9459B41CB}"
EndProject
Project("{2150E333-8FDC-42A3-9474-1A3956D46DE8}") = "Domain", "Domain", "{F4E17FCF-F9F8-4194-A3FF-7F66BAD83FD1}"
EndProject
Project("{2150E333-8FDC-42A3-9474-1A3956D46DE8}") = "Infrastructure", "Infrastructure", "{B94FBC67-9A2A-4FCC-AEEB-6DFB7F52CD14}"
EndProject
Project("{2150E333-8FDC-42A3-9474-1A3956D46DE8}") = "Test", "Test", "{F4E2AC16-C51A-4AE8-A772-A99940395FBC}"
EndProject
Project("{2150E333-8FDC-42A3-9474-1A3956D46DE8}") = "UI", "UI", "{0D568C66-FF9C-44DE-9E04-861DB244A982}"
EndProject
Project("{FAE04EC0-301F-11D3-BF4B-00C04F79EFBC}") = "YourLocalization.Application", "YourLocalization.Application\YourLocalization.Application.csproj", "{37EC6530-DAAB-4FD8-95EA-9A5203DEAB88}"
EndProject
Project("{FAE04EC0-301F-11D3-BF4B-00C04F79EFBC}") = "YourLocalization.Domain", "YourLocalization.Domain\YourLocalization.Domain.csproj", "{CE40AD89-F01A-46AB-B5E2-1BFCA148A46E}"
EndProject
Project("{FAE04EC0-301F-11D3-BF4B-00C04F79EFBC}") = "YourLocalization.Infrastructure", "YourLocalization.Infrastructure\YourLocalization.Infrastructure.csproj", "{86CE37AE-AA91-472F-A5D7-3877B74663F9}"
EndProject
Project("{FAE04EC0-301F-11D3-BF4B-00C04F79EFBC}") = "YourLocalization.Test", "YourLocalization.Test\YourLocalization.Test.csproj", "{87DE9E22-8E85-44B1-BE8F-3C076FD425A1}"
EndProject
Global
	GlobalSection(SolutionConfigurationPlatforms) = preSolution
		Debug|Any CPU = Debug|Any CPU
		Release|Any CPU = Release|Any CPU
	EndGlobalSection
	GlobalSection(ProjectConfigurationPlatforms) = postSolution
		{61EAB8ED-D95B-422F-B129-1CF0C03F313E}.Debug|Any CPU.ActiveCfg = Debug|Any CPU
		{61EAB8ED-D95B-422F-B129-1CF0C03F313E}.Debug|Any CPU.Build.0 = Debug|Any CPU
		{61EAB8ED-D95B-422F-B129-1CF0C03F313E}.Release|Any CPU.ActiveCfg = Release|Any CPU
		{61EAB8ED-D95B-422F-B129-1CF0C03F313E}.Release|Any CPU.Build.0 = Release|Any CPU
		{37EC6530-DAAB-4FD8-95EA-9A5203DEAB88}.Debug|Any CPU.ActiveCfg = Debug|Any CPU
		{37EC6530-DAAB-4FD8-95EA-9A5203DEAB88}.Debug|Any CPU.Build.0 = Debug|Any CPU
		{37EC6530-DAAB-4FD8-95EA-9A5203DEAB88}.Release|Any CPU.ActiveCfg = Release|Any CPU
		{37EC6530-DAAB-4FD8-95EA-9A5203DEAB88}.Release|Any CPU.Build.0 = Release|Any CPU
		{CE40AD89-F01A-46AB-B5E2-1BFCA148A46E}.Debug|Any CPU.ActiveCfg = Debug|Any CPU
		{CE40AD89-F01A-46AB-B5E2-1BFCA148A46E}.Debug|Any CPU.Build.0 = Debug|Any CPU
		{CE40AD89-F01A-46AB-B5E2-1BFCA148A46E}.Release|Any CPU.ActiveCfg = Release|Any CPU
		{CE40AD89-F01A-46AB-B5E2-1BFCA148A46E}.Release|Any CPU.Build.0 = Release|Any CPU
		{86CE37AE-AA91-472F-A5D7-3877B74663F9}.Debug|Any CPU.ActiveCfg = Debug|Any CPU
		{86CE37AE-AA91-472F-A5D7-3877B74663F9}.Debug|Any CPU.Build.0 = Debug|Any CPU
		{86CE37AE-AA91-472F-A5D7-3877B74663F9}.Release|Any CPU.ActiveCfg = Release|Any CPU
		{86CE37AE-AA91-472F-A5D7-3877B74663F9}.Release|Any CPU.Build.0 = Release|Any CPU
		{87DE9E22-8E85-44B1-BE8F-3C076FD425A1}.Debug|Any CPU.ActiveCfg = Debug|Any CPU
		{87DE9E22-8E85-44B1-BE8F-3C076FD425A1}.Debug|Any CPU.Build.0 = Debug|Any CPU
		{87DE9E22-8E85-44B1-BE8F-3C076FD425A1}.Release|Any CPU.ActiveCfg = Release|Any CPU
		{87DE9E22-8E85-44B1-BE8F-3C076FD425A1}.Release|Any CPU.Build.0 = Release|Any CPU
	EndGlobalSection
	GlobalSection(SolutionProperties) = preSolution
		HideSolutionNode = FALSE
	EndGlobalSection
	GlobalSection(NestedProjects) = preSolution
		{61EAB8ED-D95B-422F-B129-1CF0C03F313E} = {0D568C66-FF9C-44DE-9E04-861DB244A982}
		{37EC6530-DAAB-4FD8-95EA-9A5203DEAB88} = {555B1C7A-09E8-41E7-846F-82E9459B41CB}
		{CE40AD89-F01A-46AB-B5E2-1BFCA148A46E} = {F4E17FCF-F9F8-4194-A3FF-7F66BAD83FD1}
		{86CE37AE-AA91-472F-A5D7-3877B74663F9} = {B94FBC67-9A2A-4FCC-AEEB-6DFB7F52CD14}
		{87DE9E22-8E85-44B1-BE8F-3C076FD425A1} = {F4E2AC16-C51A-4AE8-A772-A99940395FBC}
	EndGlobalSection
	GlobalSection(ExtensibilityGlobals) = postSolution
		SolutionGuid = {F88FB567-510D-4F4B-AFDD-0584D5DA0F54}
	EndGlobalSection
EndGlobal
